<?xml version="1.0" encoding="utf-8"?>
<Project ToolsVersion="4.0" xmlns="http://schemas.microsoft.com/developer/msbuild/2003">
  <ItemGroup>
    <Filter Include="소스 파일">
      <UniqueIdentifier>{4FC737F1-C7A5-4376-A066-2A32D752A2FF}</UniqueIdentifier>
      <Extensions>cpp;c;cc;cxx;def;odl;idl;hpj;bat;asm;asmx</Extensions>
    </Filter>
    <Filter Include="헤더 파일">
      <UniqueIdentifier>{93995380-89BD-4b04-88EB-625FBE52EBFB}</UniqueIdentifier>
      <Extensions>h;hh;hpp;hxx;hm;inl;inc;xsd</Extensions>
    </Filter>
    <Filter Include="리소스 파일">
      <UniqueIdentifier>{67DA6AB6-F800-4c08-8B7A-83BB121AAD01}</UniqueIdentifier>
      <Extensions>rc;ico;cur;bmp;dlg;rc2;rct;bin;rgs;gif;jpg;jpeg;jpe;resx;tiff;tif;png;wav;mfcribbon-ms</Extensions>
    </Filter>
    <Filter Include="소스 파일\util">
      <UniqueIdentifier>{4cbc9461-273f-4b5e-ac0c-32240f1d66bb}</UniqueIdentifier>
    </Filter>
    <Filter Include="헤더 파일\util">
      <UniqueIdentifier>{4c59e714-f3a4-459b-afbb-bdb8187a9bd2}</UniqueIdentifier>
    </Filter>
    <Filter Include="소스 파일\comm">
      <UniqueIdentifier>{7e968b69-43c1-44b8-89bf-acbec90434b1}</UniqueIdentifier>
    </Filter>
    <Filter Include="헤더 파일\comm">
      <UniqueIdentifier>{42b84a8e-4fd2-4798-9694-07a85198bff9}</UniqueIdentifier>
    </Filter>
    <Filter Include="헤더 파일\eventmanager">
      <UniqueIdentifier>{0f297b62-d71c-4f04-b70b-c701a0993827}</UniqueIdentifier>
    </Filter>
    <Filter Include="소스 파일\eventmanager">
      <UniqueIdentifier>{9c8341d1-3b5e-4569-856a-77bef37ac4fa}</UniqueIdentifier>
    </Filter>
    <Filter Include="소스 파일\sensor">
      <UniqueIdentifier>{0915c378-1404-4890-9a02-549cf504d28e}</UniqueIdentifier>
    </Filter>
    <Filter Include="헤더 파일\sensor">
      <UniqueIdentifier>{2d073156-abcf-4b80-b8c5-418d64c2f49a}</UniqueIdentifier>
    </Filter>
    <Filter Include="소스 파일\sensor\driver">
      <UniqueIdentifier>{ba9c39f9-9114-46d7-aa3b-520e3c9ef198}</UniqueIdentifier>
    </Filter>
    <Filter Include="헤더 파일\sensor\driver">
      <UniqueIdentifier>{ff63ed5f-901e-429c-b116-24e1980dcd10}</UniqueIdentifier>
    </Filter>
    <Filter Include="헤더 파일\robot">
      <UniqueIdentifier>{3a63eb94-2f24-4604-9b36-9037649586c7}</UniqueIdentifier>
    </Filter>
    <Filter Include="소스 파일\robot">
      <UniqueIdentifier>{52453b83-ffcb-4423-99d2-54008d6ae23f}</UniqueIdentifier>
    </Filter>
  </ItemGroup>
  <ItemGroup>
    <Text Include="ReadMe.txt" />
  </ItemGroup>
  <ItemGroup>
    <ClInclude Include="ModuleIntegrationTest.h">
      <Filter>헤더 파일</Filter>
    </ClInclude>
    <ClInclude Include="ModuleIntegrationTestDlg.h">
      <Filter>헤더 파일</Filter>
    </ClInclude>
    <ClInclude Include="stdafx.h">
      <Filter>헤더 파일</Filter>
    </ClInclude>
    <ClInclude Include="targetver.h">
      <Filter>헤더 파일</Filter>
    </ClInclude>
    <ClInclude Include="Resource.h">
      <Filter>헤더 파일</Filter>
    </ClInclude>
    <ClInclude Include="comm\SockTcp.h">
      <Filter>헤더 파일\comm</Filter>
    </ClInclude>
    <ClInclude Include="eventmanager\EventManager.h">
      <Filter>헤더 파일\eventmanager</Filter>
    </ClInclude>
    <ClInclude Include="util\CriticalSection.h">
      <Filter>헤더 파일\util</Filter>
    </ClInclude>
    <ClInclude Include="util\semaphore.h">
      <Filter>헤더 파일\util</Filter>
    </ClInclude>
    <ClInclude Include="sensor\SensorData.h">
      <Filter>헤더 파일\sensor</Filter>
    </ClInclude>
    <ClInclude Include="sensor\SensorModule.h">
      <Filter>헤더 파일\sensor</Filter>
    </ClInclude>
    <ClInclude Include="sensor\SICKLaserScanner.h">
      <Filter>헤더 파일\sensor</Filter>
    </ClInclude>
    <ClInclude Include="util\ini.h">
      <Filter>헤더 파일\util</Filter>
    </ClInclude>
    <ClInclude Include="util\PINIReadWriter.h">
      <Filter>헤더 파일\util</Filter>
    </ClInclude>
    <ClInclude Include="util\SystemCheck.h">
      <Filter>헤더 파일\util</Filter>
    </ClInclude>
    <ClInclude Include="sensor\ComizoaIO.h">
      <Filter>헤더 파일\sensor</Filter>
    </ClInclude>
    <ClInclude Include="sensor\IOHub.h">
      <Filter>헤더 파일\sensor</Filter>
    </ClInclude>
    <ClInclude Include="sensor\driver\ceSDK.h">
      <Filter>헤더 파일\sensor\driver</Filter>
    </ClInclude>
    <ClInclude Include="sensor\driver\ceSDKDef.h">
      <Filter>헤더 파일\sensor\driver</Filter>
    </ClInclude>
    <ClInclude Include="robot\IOList.h">
      <Filter>헤더 파일\robot</Filter>
    </ClInclude>
    <ClInclude Include="sensor\SICKGuide.h">
      <Filter>헤더 파일\sensor</Filter>
    </ClInclude>
    <ClInclude Include="sensor\GyroSensor.h">
      <Filter>헤더 파일\sensor</Filter>
    </ClInclude>
    <ClInclude Include="comm\SerialComm.h">
      <Filter>헤더 파일\comm</Filter>
    </ClInclude>
    <ClInclude Include="sensor\ComizoaMotionController.h">
      <Filter>헤더 파일\sensor</Filter>
    </ClInclude>
    <ClInclude Include="sensor\driver\Cmmsdk.h">
      <Filter>헤더 파일\sensor\driver</Filter>
    </ClInclude>
    <ClInclude Include="sensor\driver\CmmsdkDef.h">
      <Filter>헤더 파일\sensor\driver</Filter>
    </ClInclude>
    <ClInclude Include="robot\AMRController.h">
      <Filter>헤더 파일\robot</Filter>
    </ClInclude>
    <ClInclude Include="robot\ObstacleChecker.h">
      <Filter>헤더 파일\robot</Filter>
    </ClInclude>
  </ItemGroup>
  <ItemGroup>
    <ClCompile Include="ModuleIntegrationTest.cpp">
      <Filter>소스 파일</Filter>
    </ClCompile>
    <ClCompile Include="ModuleIntegrationTestDlg.cpp">
      <Filter>소스 파일</Filter>
    </ClCompile>
    <ClCompile Include="stdafx.cpp">
      <Filter>소스 파일</Filter>
    </ClCompile>
    <ClCompile Include="comm\SockTcp.cpp">
      <Filter>소스 파일\comm</Filter>
    </ClCompile>
    <ClCompile Include="eventmanager\EventManager.cpp">
      <Filter>소스 파일\eventmanager</Filter>
    </ClCompile>
    <ClCompile Include="sensor\SICKLaserScanner.cpp">
      <Filter>소스 파일\sensor</Filter>
    </ClCompile>
    <ClCompile Include="sensor\SensorModule.cpp">
      <Filter>소스 파일\sensor</Filter>
    </ClCompile>
    <ClCompile Include="util\ini.cpp">
      <Filter>소스 파일\util</Filter>
    </ClCompile>
    <ClCompile Include="util\PINIReadWriter.cpp">
      <Filter>소스 파일\util</Filter>
    </ClCompile>
    <ClCompile Include="util\SystemCheck.cpp">
      <Filter>소스 파일\util</Filter>
    </ClCompile>
    <ClCompile Include="sensor\ComizoaIO.cpp">
      <Filter>소스 파일\sensor</Filter>
    </ClCompile>
    <ClCompile Include="sensor\IOHub.cpp">
      <Filter>소스 파일\sensor</Filter>
    </ClCompile>
    <ClCompile Include="sensor\driver\ceSDK.cpp">
      <Filter>소스 파일\sensor\driver</Filter>
    </ClCompile>
    <ClCompile Include="sensor\SICKGuide.cpp">
      <Filter>소스 파일\sensor</Filter>
    </ClCompile>
    <ClCompile Include="sensor\GyroSensor.cpp">
      <Filter>소스 파일\sensor</Filter>
    </ClCompile>
    <ClCompile Include="comm\SerialComm.cpp">
      <Filter>소스 파일\comm</Filter>
    </ClCompile>
    <ClCompile Include="sensor\ComizoaMotionController.cpp">
      <Filter>소스 파일\sensor</Filter>
    </ClCompile>
    <ClCompile Include="sensor\driver\Cmmsdk.cpp">
      <Filter>소스 파일\sensor\driver</Filter>
    </ClCompile>
    <ClCompile Include="robot\AMRController.cpp">
      <Filter>소스 파일\robot</Filter>
    </ClCompile>
    <ClCompile Include="robot\ObstacleChecker.cpp">
      <Filter>소스 파일\robot</Filter>
    </ClCompile>
  </ItemGroup>
  <ItemGroup>
    <ResourceCompile Include="ModuleIntegrationTest.rc">
      <Filter>리소스 파일</Filter>
    </ResourceCompile>
  </ItemGroup>
  <ItemGroup>
    <None Include="res\ModuleIntegrationTest.rc2">
      <Filter>리소스 파일</Filter>
    </None>
  </ItemGroup>
  <ItemGroup>
    <Image Include="res\ModuleIntegrationTest.ico">
      <Filter>리소스 파일</Filter>
    </Image>
  </ItemGroup>
</Project>